Microsoft Visual Studio Solution File, Format Version 12.00
# Visual Studio Version 17
VisualStudioVersion = 17.5.2.0
MinimumVisualStudioVersion = 10.0.40219.1
Project("{2150E333-8FDC-42A3-9474-1A3956D46DE8}") = "body", "body", "{D3BDF5B0-B382-C55C-9D07-D3C08D107278}"
EndProject
Project("{FAE04EC0-301F-11D3-BF4B-00C04F79EFBC}") = "mashiro-body-", "body\mashiro-body-.csproj", "{921E67F5-618B-F8F2-36BE-ABD5FB467B24}"
EndProject
Global
	GlobalSection(SolutionConfigurationPlatforms) = preSolution
		Debug|Any CPU = Debug|Any CPU
		Release|Any CPU = Release|Any CPU
	EndGlobalSection
	GlobalSection(ProjectConfigurationPlatforms) = postSolution
		{921E67F5-618B-F8F2-36BE-ABD5FB467B24}.Debug|Any CPU.ActiveCfg = Debug|Any CPU
		{921E67F5-618B-F8F2-36BE-ABD5FB467B24}.Debug|Any CPU.Build.0 = Debug|Any CPU
		{921E67F5-618B-F8F2-36BE-ABD5FB467B24}.Release|Any CPU.ActiveCfg = Release|Any CPU
		{921E67F5-618B-F8F2-36BE-ABD5FB467B24}.Release|Any CPU.Build.0 = Release|Any CPU
	EndGlobalSection
	GlobalSection(SolutionProperties) = preSolution
		HideSolutionNode = FALSE
	EndGlobalSection
	GlobalSection(NestedProjects) = preSolution
		{921E67F5-618B-F8F2-36BE-ABD5FB467B24} = {D3BDF5B0-B382-C55C-9D07-D3C08D107278}
	EndGlobalSection
	GlobalSection(ExtensibilityGlobals) = postSolution
		SolutionGuid = {57324A25-FC20-4F83-AB73-A5525B9008F1}
	EndGlobalSection
EndGlobal
